
Microsoft Visual Studio Solution File, Format Version 12.00
# Visual Studio Version 17
VisualStudioVersion = 17.13.35825.156
MinimumVisualStudioVersion = 10.0.40219.1
Project("{2150E333-8FDC-42A3-9474-1A3956D46DE8}") = "src", "src", "{02EA681E-C7D8-13C7-8484-4AC65E1B71E8}"
EndProject
Project("{2150E333-8FDC-42A3-9474-1A3956D46DE8}") = "tests", "tests", "{709DAAC5-1BAC-4E1E-AA83-874E16F9EEC3}"
EndProject
Project("{FAE04EC0-301F-11D3-BF4B-00C04F79EFBC}") = "SmartTaskTracker.Core", "SmartTaskTracker.Core\SmartTaskTracker.Core.csproj", "{F9E6F619-DB16-4A60-B82B-4F8CC6C9B3DA}"
EndProject
Project("{FAE04EC0-301F-11D3-BF4B-00C04F79EFBC}") = "SmartTaskTracker.Application", "SmartTaskTracker.Application\SmartTaskTracker.Application.csproj", "{127C5838-0DA7-4842-A957-3563AAF18DE6}"
EndProject
Project("{2150E333-8FDC-42A3-9474-1A3956D46DE8}") = "Application", "Application", "{CFA93B54-E86A-41AD-8E83-168087E9E2B7}"
EndProject
Project("{2150E333-8FDC-42A3-9474-1A3956D46DE8}") = "Core", "Core", "{15A6BD07-3A09-4DFD-8BC5-571DC419C12E}"
EndProject
Project("{2150E333-8FDC-42A3-9474-1A3956D46DE8}") = "Infrastructure", "Infrastructure", "{7254B7A6-AD4A-40C2-B687-78B1F32DF7E8}"
EndProject
Project("{2150E333-8FDC-42A3-9474-1A3956D46DE8}") = "API", "API", "{C952D893-560E-4D6A-A3DF-395F46279DC1}"
EndProject
Project("{FAE04EC0-301F-11D3-BF4B-00C04F79EFBC}") = "SmartTaskTracker.API", "SmartTaskTracker.API\SmartTaskTracker.API.csproj", "{A0C1F3E6-CD21-466F-A24A-06366F59454D}"
EndProject
Project("{FAE04EC0-301F-11D3-BF4B-00C04F79EFBC}") = "SmartTaskTracker.Infrastructure", "SmartTaskTracker.Infrastructure\SmartTaskTracker.Infrastructure.csproj", "{1F257D90-7644-4156-B7D6-467757328F55}"
EndProject
Project("{FAE04EC0-301F-11D3-BF4B-00C04F79EFBC}") = "Application.Tests", "Application.Tests\Application.Tests.csproj", "{2750708C-EE81-4F46-B068-B2207CE56745}"
EndProject
Project("{FAE04EC0-301F-11D3-BF4B-00C04F79EFBC}") = "Infrastructure.Tests", "Infrastructure.Tests\Infrastructure.Tests.csproj", "{75F525E3-C17D-43A6-8676-0F5AB5FBFFA6}"
EndProject
Global
	GlobalSection(SolutionConfigurationPlatforms) = preSolution
		Debug|Any CPU = Debug|Any CPU
		Release|Any CPU = Release|Any CPU
	EndGlobalSection
	GlobalSection(ProjectConfigurationPlatforms) = postSolution
		{F9E6F619-DB16-4A60-B82B-4F8CC6C9B3DA}.Debug|Any CPU.ActiveCfg = Debug|Any CPU
		{F9E6F619-DB16-4A60-B82B-4F8CC6C9B3DA}.Debug|Any CPU.Build.0 = Debug|Any CPU
		{F9E6F619-DB16-4A60-B82B-4F8CC6C9B3DA}.Release|Any CPU.ActiveCfg = Release|Any CPU
		{F9E6F619-DB16-4A60-B82B-4F8CC6C9B3DA}.Release|Any CPU.Build.0 = Release|Any CPU
		{127C5838-0DA7-4842-A957-3563AAF18DE6}.Debug|Any CPU.ActiveCfg = Debug|Any CPU
		{127C5838-0DA7-4842-A957-3563AAF18DE6}.Debug|Any CPU.Build.0 = Debug|Any CPU
		{127C5838-0DA7-4842-A957-3563AAF18DE6}.Release|Any CPU.ActiveCfg = Release|Any CPU
		{127C5838-0DA7-4842-A957-3563AAF18DE6}.Release|Any CPU.Build.0 = Release|Any CPU
		{A0C1F3E6-CD21-466F-A24A-06366F59454D}.Debug|Any CPU.ActiveCfg = Debug|Any CPU
		{A0C1F3E6-CD21-466F-A24A-06366F59454D}.Debug|Any CPU.Build.0 = Debug|Any CPU
		{A0C1F3E6-CD21-466F-A24A-06366F59454D}.Release|Any CPU.ActiveCfg = Release|Any CPU
		{A0C1F3E6-CD21-466F-A24A-06366F59454D}.Release|Any CPU.Build.0 = Release|Any CPU
		{1F257D90-7644-4156-B7D6-467757328F55}.Debug|Any CPU.ActiveCfg = Debug|Any CPU
		{1F257D90-7644-4156-B7D6-467757328F55}.Debug|Any CPU.Build.0 = Debug|Any CPU
		{1F257D90-7644-4156-B7D6-467757328F55}.Release|Any CPU.ActiveCfg = Release|Any CPU
		{1F257D90-7644-4156-B7D6-467757328F55}.Release|Any CPU.Build.0 = Release|Any CPU
		{2750708C-EE81-4F46-B068-B2207CE56745}.Debug|Any CPU.ActiveCfg = Debug|Any CPU
		{2750708C-EE81-4F46-B068-B2207CE56745}.Debug|Any CPU.Build.0 = Debug|Any CPU
		{2750708C-EE81-4F46-B068-B2207CE56745}.Release|Any CPU.ActiveCfg = Release|Any CPU
		{2750708C-EE81-4F46-B068-B2207CE56745}.Release|Any CPU.Build.0 = Release|Any CPU
		{75F525E3-C17D-43A6-8676-0F5AB5FBFFA6}.Debug|Any CPU.ActiveCfg = Debug|Any CPU
		{75F525E3-C17D-43A6-8676-0F5AB5FBFFA6}.Debug|Any CPU.Build.0 = Debug|Any CPU
		{75F525E3-C17D-43A6-8676-0F5AB5FBFFA6}.Release|Any CPU.ActiveCfg = Release|Any CPU
		{75F525E3-C17D-43A6-8676-0F5AB5FBFFA6}.Release|Any CPU.Build.0 = Release|Any CPU
	EndGlobalSection
	GlobalSection(SolutionProperties) = preSolution
		HideSolutionNode = FALSE
	EndGlobalSection
	GlobalSection(NestedProjects) = preSolution
		{F9E6F619-DB16-4A60-B82B-4F8CC6C9B3DA} = {15A6BD07-3A09-4DFD-8BC5-571DC419C12E}
		{127C5838-0DA7-4842-A957-3563AAF18DE6} = {CFA93B54-E86A-41AD-8E83-168087E9E2B7}
		{CFA93B54-E86A-41AD-8E83-168087E9E2B7} = {02EA681E-C7D8-13C7-8484-4AC65E1B71E8}
		{15A6BD07-3A09-4DFD-8BC5-571DC419C12E} = {02EA681E-C7D8-13C7-8484-4AC65E1B71E8}
		{7254B7A6-AD4A-40C2-B687-78B1F32DF7E8} = {02EA681E-C7D8-13C7-8484-4AC65E1B71E8}
		{C952D893-560E-4D6A-A3DF-395F46279DC1} = {02EA681E-C7D8-13C7-8484-4AC65E1B71E8}
		{A0C1F3E6-CD21-466F-A24A-06366F59454D} = {C952D893-560E-4D6A-A3DF-395F46279DC1}
		{1F257D90-7644-4156-B7D6-467757328F55} = {7254B7A6-AD4A-40C2-B687-78B1F32DF7E8}
		{2750708C-EE81-4F46-B068-B2207CE56745} = {709DAAC5-1BAC-4E1E-AA83-874E16F9EEC3}
		{75F525E3-C17D-43A6-8676-0F5AB5FBFFA6} = {709DAAC5-1BAC-4E1E-AA83-874E16F9EEC3}
	EndGlobalSection
	GlobalSection(ExtensibilityGlobals) = postSolution
		SolutionGuid = {9034041A-25C1-4056-95D7-7575B67A9F6D}
	EndGlobalSection
EndGlobal
